
Microsoft Visual Studio Solution File, Format Version 12.00
# Visual Studio 15
VisualStudioVersion = 15.0.27004.2010
MinimumVisualStudioVersion = 10.0.40219.1
Project("{FAE04EC0-301F-11D3-BF4B-00C04F79EFBC}") = "P1.NumbersFrom1-50", "P1.NumbersFrom1-50\P1.NumbersFrom1-50.csproj", "{066F885A-8742-4FC5-8E4E-C39C26D0A85F}"
EndProject
Project("{FAE04EC0-301F-11D3-BF4B-00C04F79EFBC}") = "P2.TODOList", "P2.TODOList\P2.TODOList.csproj", "{486151AE-CD33-400B-B995-9BBDE896BC87}"
EndProject
Global
	GlobalSection(SolutionConfigurationPlatforms) = preSolution
		Debug|Any CPU = Debug|Any CPU
		Release|Any CPU = Release|Any CPU
	EndGlobalSection
	GlobalSection(ProjectConfigurationPlatforms) = postSolution
		{066F885A-8742-4FC5-8E4E-C39C26D0A85F}.Debug|Any CPU.ActiveCfg = Debug|Any CPU
		{066F885A-8742-4FC5-8E4E-C39C26D0A85F}.Debug|Any CPU.Build.0 = Debug|Any CPU
		{066F885A-8742-4FC5-8E4E-C39C26D0A85F}.Release|Any CPU.ActiveCfg = Release|Any CPU
		{066F885A-8742-4FC5-8E4E-C39C26D0A85F}.Release|Any CPU.Build.0 = Release|Any CPU
		{486151AE-CD33-400B-B995-9BBDE896BC87}.Debug|Any CPU.ActiveCfg = Debug|Any CPU
		{486151AE-CD33-400B-B995-9BBDE896BC87}.Debug|Any CPU.Build.0 = Debug|Any CPU
		{486151AE-CD33-400B-B995-9BBDE896BC87}.Release|Any CPU.ActiveCfg = Release|Any CPU
		{486151AE-CD33-400B-B995-9BBDE896BC87}.Release|Any CPU.Build.0 = Release|Any CPU
	EndGlobalSection
	GlobalSection(SolutionProperties) = preSolution
		HideSolutionNode = FALSE
	EndGlobalSection
	GlobalSection(ExtensibilityGlobals) = postSolution
		SolutionGuid = {FBDD9F13-5A7F-4D99-BCEA-F49263821209}
	EndGlobalSection
EndGlobal
